
Microsoft Visual Studio Solution File, Format Version 12.00
# Visual Studio 15
VisualStudioVersion = 15.0.28307.539
MinimumVisualStudioVersion = 10.0.40219.1
Project("{FAE04EC0-301F-11D3-BF4B-00C04F79EFBC}") = "kp", "kp\kp.csproj", "{3074FC84-38A6-4272-9124-B31C5EE0894F}"
EndProject
Global
	GlobalSection(SolutionConfigurationPlatforms) = preSolution
		Debug|Any CPU = Debug|Any CPU
		Release|Any CPU = Release|Any CPU
	EndGlobalSection
	GlobalSection(ProjectConfigurationPlatforms) = postSolution
		{3074FC84-38A6-4272-9124-B31C5EE0894F}.Debug|Any CPU.ActiveCfg = Debug|Any CPU
		{3074FC84-38A6-4272-9124-B31C5EE0894F}.Debug|Any CPU.Build.0 = Debug|Any CPU
		{3074FC84-38A6-4272-9124-B31C5EE0894F}.Release|Any CPU.ActiveCfg = Release|Any CPU
		{3074FC84-38A6-4272-9124-B31C5EE0894F}.Release|Any CPU.Build.0 = Release|Any CPU
	EndGlobalSection
	GlobalSection(SolutionProperties) = preSolution
		HideSolutionNode = FALSE
	EndGlobalSection
	GlobalSection(ExtensibilityGlobals) = postSolution
		SolutionGuid = {150112D4-4B8A-424E-8BE5-05C8E6E01986}
	EndGlobalSection
EndGlobal
